github.com/bots-garden/capsule/capsulemodule v0.3.1 h1:8JKCns59qunfw/0VdSFoxN6VZucmZ/3uBaYU4xNJ2Qc=
github.com/bots-garden/capsule/capsulemodule v0.3.1/go.mod h1:hmuDb0rTealkfT1iW2pXhFV98AAWwZeOUc5yf08PLDo=
github.com/bots-garden/capsule/commons v0.3.1 h1:f0oL7OtbGuStL8IAKcoU4BIrH4+PlUhPZL9hMDouHdI=
github.com/bots-garden/capsule/commons v0.3.1/go.mod h1:77s49FB6W8bv+/ybOsxsaSrBo9rvpMOdhvcylJcc9e4=
